
Microsoft Visual Studio Solution File, Format Version 12.00
# Visual Studio Version 16
VisualStudioVersion = 16.0.32106.194
MinimumVisualStudioVersion = 10.0.40219.1
Project("{9A19103F-16F7-4668-BE54-9A1E7A4F7556}") = "CapaControlador", "CapaControlador\CapaControlador.csproj", "{08DC023D-45D9-4C64-A380-863FB40A7873}"
EndProject
Project("{9A19103F-16F7-4668-BE54-9A1E7A4F7556}") = "CapaModelo", "CapaModelo\CapaModelo.csproj", "{BBFFCA30-6891-4976-8484-D720FACCFDDA}"
EndProject
Project("{FAE04EC0-301F-11D3-BF4B-00C04F79EFBC}") = "CapaVista", "CapaVista\CapaVista.csproj", "{DCCF7452-8BB5-403A-A889-FD66AF77B1D5}"
EndProject
Global
	GlobalSection(SolutionConfigurationPlatforms) = preSolution
		Debug|Any CPU = Debug|Any CPU
		Release|Any CPU = Release|Any CPU
	EndGlobalSection
	GlobalSection(ProjectConfigurationPlatforms) = postSolution
		{08DC023D-45D9-4C64-A380-863FB40A7873}.Debug|Any CPU.ActiveCfg = Debug|Any CPU
		{08DC023D-45D9-4C64-A380-863FB40A7873}.Debug|Any CPU.Build.0 = Debug|Any CPU
		{08DC023D-45D9-4C64-A380-863FB40A7873}.Release|Any CPU.ActiveCfg = Release|Any CPU
		{08DC023D-45D9-4C64-A380-863FB40A7873}.Release|Any CPU.Build.0 = Release|Any CPU
		{BBFFCA30-6891-4976-8484-D720FACCFDDA}.Debug|Any CPU.ActiveCfg = Debug|Any CPU
		{BBFFCA30-6891-4976-8484-D720FACCFDDA}.Debug|Any CPU.Build.0 = Debug|Any CPU
		{BBFFCA30-6891-4976-8484-D720FACCFDDA}.Release|Any CPU.ActiveCfg = Release|Any CPU
		{BBFFCA30-6891-4976-8484-D720FACCFDDA}.Release|Any CPU.Build.0 = Release|Any CPU
		{DCCF7452-8BB5-403A-A889-FD66AF77B1D5}.Debug|Any CPU.ActiveCfg = Debug|Any CPU
		{DCCF7452-8BB5-403A-A889-FD66AF77B1D5}.Debug|Any CPU.Build.0 = Debug|Any CPU
		{DCCF7452-8BB5-403A-A889-FD66AF77B1D5}.Release|Any CPU.ActiveCfg = Release|Any CPU
		{DCCF7452-8BB5-403A-A889-FD66AF77B1D5}.Release|Any CPU.Build.0 = Release|Any CPU
	EndGlobalSection
	GlobalSection(SolutionProperties) = preSolution
		HideSolutionNode = FALSE
	EndGlobalSection
	GlobalSection(ExtensibilityGlobals) = postSolution
		SolutionGuid = {2F5AF3FC-AF11-4AA3-A66A-887A555D5B48}
	EndGlobalSection
EndGlobal
